{
  "name": "bug-in-ts-lib",
  "version": "1.0.0",
  "lockfileVersion": 1,
  "requires": true,
  "dependencies": {
    "typescript": {
      "version": "3.9.0-dev.20200306",
      "resolved": "https://registry.npmjs.org/typescript/-/typescript-3.9.0-dev.20200306.tgz",
      "integrity": "sha512-JkFUyTm70yUoyJ1uXnIQMp+PL/8D+oHOo9P9ByIknzGERSPNPP08yefNpu8DeleFKhbX3siyIvYLekKS/p2m7g=="
    }
  }
}
